
Microsoft Visual Studio Solution File, Format Version 12.00
# Visual Studio Version 17
VisualStudioVersion = 17.14.36401.2 d17.14
MinimumVisualStudioVersion = 10.0.40219.1
Project("{FAE04EC0-301F-11D3-BF4B-00C04F79EFBC}") = "OnlineStoreAPI", "OnlineStoreAPI.csproj", "{5858F0B9-F679-4489-86DA-1B3178DE9EA4}"
EndProject
Global
	GlobalSection(SolutionConfigurationPlatforms) = preSolution
		Debug|Any CPU = Debug|Any CPU
		Release|Any CPU = Release|Any CPU
	EndGlobalSection
	GlobalSection(ProjectConfigurationPlatforms) = postSolution
		{5858F0B9-F679-4489-86DA-1B3178DE9EA4}.Debug|Any CPU.ActiveCfg = Debug|Any CPU
		{5858F0B9-F679-4489-86DA-1B3178DE9EA4}.Debug|Any CPU.Build.0 = Debug|Any CPU
		{5858F0B9-F679-4489-86DA-1B3178DE9EA4}.Release|Any CPU.ActiveCfg = Release|Any CPU
		{5858F0B9-F679-4489-86DA-1B3178DE9EA4}.Release|Any CPU.Build.0 = Release|Any CPU
	EndGlobalSection
	GlobalSection(SolutionProperties) = preSolution
		HideSolutionNode = FALSE
	EndGlobalSection
	GlobalSection(ExtensibilityGlobals) = postSolution
		SolutionGuid = {A335D671-E0AA-4089-BE9D-0EC74EB18ED9}
	EndGlobalSection
EndGlobal
